
Microsoft Visual Studio Solution File, Format Version 12.00
# Visual Studio Version 17
VisualStudioVersion = 17.9.34701.34
MinimumVisualStudioVersion = 10.0.40219.1
Project("{FAE04EC0-301F-11D3-BF4B-00C04F79EFBC}") = "someProject123", "someProject123.csproj", "{448919CC-5E12-4DDE-8EB3-9AEF6005B792}"
EndProject
Global
	GlobalSection(SolutionConfigurationPlatforms) = preSolution
		Debug|Any CPU = Debug|Any CPU
		Release|Any CPU = Release|Any CPU
	EndGlobalSection
	GlobalSection(ProjectConfigurationPlatforms) = postSolution
		{448919CC-5E12-4DDE-8EB3-9AEF6005B792}.Debug|Any CPU.ActiveCfg = Debug|Any CPU
		{448919CC-5E12-4DDE-8EB3-9AEF6005B792}.Debug|Any CPU.Build.0 = Debug|Any CPU
		{448919CC-5E12-4DDE-8EB3-9AEF6005B792}.Release|Any CPU.ActiveCfg = Release|Any CPU
		{448919CC-5E12-4DDE-8EB3-9AEF6005B792}.Release|Any CPU.Build.0 = Release|Any CPU
	EndGlobalSection
	GlobalSection(SolutionProperties) = preSolution
		HideSolutionNode = FALSE
	EndGlobalSection
	GlobalSection(ExtensibilityGlobals) = postSolution
		SolutionGuid = {3609303F-679C-419B-8E72-F43360FB8377}
	EndGlobalSection
EndGlobal
